
Microsoft Visual Studio Solution File, Format Version 12.00
# Visual Studio Version 17
VisualStudioVersion = 17.3.32804.467
MinimumVisualStudioVersion = 10.0.40219.1
Project("{9A19103F-16F7-4668-BE54-9A1E7A4F7556}") = "ModsenLibGateWay", "ModsenLibGateWay\ModsenLibGateWay.csproj", "{55314CFB-1A16-4FE8-A348-1B0FCECF6244}"
EndProject
Project("{9A19103F-16F7-4668-BE54-9A1E7A4F7556}") = "ModsenLibGateWayDb", "ModsenLibGateWayDb\ModsenLibGateWayDb.csproj", "{1492D147-0247-47B1-BFE9-705EA8EF8F47}"
EndProject
Project("{9A19103F-16F7-4668-BE54-9A1E7A4F7556}") = "ModsenLibGateWayCQS", "ModsenLibGateWayCQS\ModsenLibGateWayCQS.csproj", "{0DD8C5EF-655E-44E4-8E91-FEBB7099EF42}"
EndProject
Project("{9A19103F-16F7-4668-BE54-9A1E7A4F7556}") = "ModsenLibGateWayAbstractions", "ModsenLibGateWayAbstractions\ModsenLibGateWayAbstractions.csproj", "{4B664351-7623-40D2-8BB5-739FBF3A7752}"
EndProject
Project("{2150E333-8FDC-42A3-9474-1A3956D46DE8}") = "APIGateway", "APIGateway", "{2381CE12-D127-4FC1-8717-10E003D20B69}"
EndProject
Project("{2150E333-8FDC-42A3-9474-1A3956D46DE8}") = "ModsenLibMicroSvc", "ModsenLibMicroSvc", "{A515DA9E-5586-406B-9DA7-90D746F44BBF}"
EndProject
Project("{FAE04EC0-301F-11D3-BF4B-00C04F79EFBC}") = "ModsenLibAPI", "MICROSVC-ModsenLib\ModsenLibMicroSvc\ModsenLibAPI\ModsenLibAPI.csproj", "{3BA8ADEC-ABA9-4173-ADE9-0B1CA9137924}"
EndProject
Project("{FAE04EC0-301F-11D3-BF4B-00C04F79EFBC}") = "ModsenLibDb", "MICROSVC-ModsenLib\ModsenLibMicroSvc\ModsenLibDb\ModsenLibDb.csproj", "{5A3184F3-2B21-43D3-B26A-1B43F175538B}"
EndProject
Project("{FAE04EC0-301F-11D3-BF4B-00C04F79EFBC}") = "ModsenLibAbstractions", "MICROSVC-ModsenLib\ModsenLibMicroSvc\ModsenLibAbstractions\ModsenLibAbstractions.csproj", "{F60208B6-FE1C-41B6-9E2F-4BC24625E9AF}"
EndProject
Project("{FAE04EC0-301F-11D3-BF4B-00C04F79EFBC}") = "ModsenLibCQS", "MICROSVC-ModsenLib\ModsenLibMicroSvc\ModsenLibCQS\ModsenLibCQS.csproj", "{852221D3-9412-4B33-A117-0EFD28144F35}"
EndProject
Global
	GlobalSection(SolutionConfigurationPlatforms) = preSolution
		Debug|Any CPU = Debug|Any CPU
		Release|Any CPU = Release|Any CPU
	EndGlobalSection
	GlobalSection(ProjectConfigurationPlatforms) = postSolution
		{55314CFB-1A16-4FE8-A348-1B0FCECF6244}.Debug|Any CPU.ActiveCfg = Debug|Any CPU
		{55314CFB-1A16-4FE8-A348-1B0FCECF6244}.Debug|Any CPU.Build.0 = Debug|Any CPU
		{55314CFB-1A16-4FE8-A348-1B0FCECF6244}.Release|Any CPU.ActiveCfg = Release|Any CPU
		{55314CFB-1A16-4FE8-A348-1B0FCECF6244}.Release|Any CPU.Build.0 = Release|Any CPU
		{1492D147-0247-47B1-BFE9-705EA8EF8F47}.Debug|Any CPU.ActiveCfg = Debug|Any CPU
		{1492D147-0247-47B1-BFE9-705EA8EF8F47}.Debug|Any CPU.Build.0 = Debug|Any CPU
		{1492D147-0247-47B1-BFE9-705EA8EF8F47}.Release|Any CPU.ActiveCfg = Release|Any CPU
		{1492D147-0247-47B1-BFE9-705EA8EF8F47}.Release|Any CPU.Build.0 = Release|Any CPU
		{0DD8C5EF-655E-44E4-8E91-FEBB7099EF42}.Debug|Any CPU.ActiveCfg = Debug|Any CPU
		{0DD8C5EF-655E-44E4-8E91-FEBB7099EF42}.Debug|Any CPU.Build.0 = Debug|Any CPU
		{0DD8C5EF-655E-44E4-8E91-FEBB7099EF42}.Release|Any CPU.ActiveCfg = Release|Any CPU
		{0DD8C5EF-655E-44E4-8E91-FEBB7099EF42}.Release|Any CPU.Build.0 = Release|Any CPU
		{4B664351-7623-40D2-8BB5-739FBF3A7752}.Debug|Any CPU.ActiveCfg = Debug|Any CPU
		{4B664351-7623-40D2-8BB5-739FBF3A7752}.Debug|Any CPU.Build.0 = Debug|Any CPU
		{4B664351-7623-40D2-8BB5-739FBF3A7752}.Release|Any CPU.ActiveCfg = Release|Any CPU
		{4B664351-7623-40D2-8BB5-739FBF3A7752}.Release|Any CPU.Build.0 = Release|Any CPU
		{3BA8ADEC-ABA9-4173-ADE9-0B1CA9137924}.Debug|Any CPU.ActiveCfg = Debug|Any CPU
		{3BA8ADEC-ABA9-4173-ADE9-0B1CA9137924}.Debug|Any CPU.Build.0 = Debug|Any CPU
		{3BA8ADEC-ABA9-4173-ADE9-0B1CA9137924}.Release|Any CPU.ActiveCfg = Release|Any CPU
		{3BA8ADEC-ABA9-4173-ADE9-0B1CA9137924}.Release|Any CPU.Build.0 = Release|Any CPU
		{5A3184F3-2B21-43D3-B26A-1B43F175538B}.Debug|Any CPU.ActiveCfg = Debug|Any CPU
		{5A3184F3-2B21-43D3-B26A-1B43F175538B}.Debug|Any CPU.Build.0 = Debug|Any CPU
		{5A3184F3-2B21-43D3-B26A-1B43F175538B}.Release|Any CPU.ActiveCfg = Release|Any CPU
		{5A3184F3-2B21-43D3-B26A-1B43F175538B}.Release|Any CPU.Build.0 = Release|Any CPU
		{F60208B6-FE1C-41B6-9E2F-4BC24625E9AF}.Debug|Any CPU.ActiveCfg = Debug|Any CPU
		{F60208B6-FE1C-41B6-9E2F-4BC24625E9AF}.Debug|Any CPU.Build.0 = Debug|Any CPU
		{F60208B6-FE1C-41B6-9E2F-4BC24625E9AF}.Release|Any CPU.ActiveCfg = Release|Any CPU
		{F60208B6-FE1C-41B6-9E2F-4BC24625E9AF}.Release|Any CPU.Build.0 = Release|Any CPU
		{852221D3-9412-4B33-A117-0EFD28144F35}.Debug|Any CPU.ActiveCfg = Debug|Any CPU
		{852221D3-9412-4B33-A117-0EFD28144F35}.Debug|Any CPU.Build.0 = Debug|Any CPU
		{852221D3-9412-4B33-A117-0EFD28144F35}.Release|Any CPU.ActiveCfg = Release|Any CPU
		{852221D3-9412-4B33-A117-0EFD28144F35}.Release|Any CPU.Build.0 = Release|Any CPU
	EndGlobalSection
	GlobalSection(SolutionProperties) = preSolution
		HideSolutionNode = FALSE
	EndGlobalSection
	GlobalSection(NestedProjects) = preSolution
		{55314CFB-1A16-4FE8-A348-1B0FCECF6244} = {2381CE12-D127-4FC1-8717-10E003D20B69}
		{1492D147-0247-47B1-BFE9-705EA8EF8F47} = {2381CE12-D127-4FC1-8717-10E003D20B69}
		{0DD8C5EF-655E-44E4-8E91-FEBB7099EF42} = {2381CE12-D127-4FC1-8717-10E003D20B69}
		{4B664351-7623-40D2-8BB5-739FBF3A7752} = {2381CE12-D127-4FC1-8717-10E003D20B69}
		{3BA8ADEC-ABA9-4173-ADE9-0B1CA9137924} = {A515DA9E-5586-406B-9DA7-90D746F44BBF}
		{5A3184F3-2B21-43D3-B26A-1B43F175538B} = {A515DA9E-5586-406B-9DA7-90D746F44BBF}
		{F60208B6-FE1C-41B6-9E2F-4BC24625E9AF} = {A515DA9E-5586-406B-9DA7-90D746F44BBF}
		{852221D3-9412-4B33-A117-0EFD28144F35} = {A515DA9E-5586-406B-9DA7-90D746F44BBF}
	EndGlobalSection
	GlobalSection(ExtensibilityGlobals) = postSolution
		SolutionGuid = {D2D208D7-5A5D-469D-831C-AEA388BCB019}
	EndGlobalSection
EndGlobal
